<?xml version="1.0" encoding="utf-8"?>
<Project ToolsVersion="4.0" xmlns="http://schemas.microsoft.com/developer/msbuild/2003">
  <ItemGroup>
    <Filter Include="GameStateManager">
      <UniqueIdentifier>{83168822-af39-480d-8062-a3f7d7deab8c}</UniqueIdentifier>
    </Filter>
    <Filter Include="Entity/Component">
      <UniqueIdentifier>{71383bc6-ddc3-4b63-a741-aa9d9624fde3}</UniqueIdentifier>
    </Filter>
    <Filter Include="GameStates">
      <UniqueIdentifier>{d290a11c-deee-4818-aabb-2f617391811f}</UniqueIdentifier>
    </Filter>
    <Filter Include="API">
      <UniqueIdentifier>{22e81c80-6f19-4b46-8243-bf98dfca4df4}</UniqueIdentifier>
    </Filter>
    <Filter Include="PCH/Constants">
      <UniqueIdentifier>{91b53e01-3e47-422a-b191-ccf7da6f5783}</UniqueIdentifier>
    </Filter>
  </ItemGroup>
  <ItemGroup>
    <ClCompile Include="..\Src\Component.cpp">
      <Filter>Entity/Component</Filter>
    </ClCompile>
    <ClCompile Include="..\Src\MainMenu.cpp">
      <Filter>GameStates</Filter>
    </ClCompile>
    <ClCompile Include="..\Src\Test.cpp">
      <Filter>GameStates</Filter>
    </ClCompile>
    <ClCompile Include="..\Src\GameStateManager.cpp">
      <Filter>GameStateManager</Filter>
    </ClCompile>
    <ClCompile Include="..\Src\Graphics.cpp">
      <Filter>API</Filter>
    </ClCompile>
    <ClCompile Include="..\Src\Utils.cpp">
      <Filter>API</Filter>
    </ClCompile>
    <ClCompile Include="..\Src\pch.cpp">
      <Filter>PCH/Constants</Filter>
    </ClCompile>
    <ClCompile Include="..\Src\main.cpp" />
    <ClCompile Include="..\Src\UI_Manager.cpp">
      <Filter>API</Filter>
    </ClCompile>
    <ClCompile Include="..\Src\Collision.cpp" />
    <ClCompile Include="..\Src\Input.cpp" />
    <ClCompile Include="..\Src\SplashScreen.cpp">
      <Filter>GameStates</Filter>
    </ClCompile>
  </ItemGroup>
  <ItemGroup>
    <ClInclude Include="..\Src\Component.h">
      <Filter>Entity/Component</Filter>
    </ClInclude>
    <ClInclude Include="..\Src\MainMenu.h">
      <Filter>GameStates</Filter>
    </ClInclude>
    <ClInclude Include="..\Src\Test.h">
      <Filter>GameStates</Filter>
    </ClInclude>
    <ClInclude Include="..\Src\GameState.h">
      <Filter>GameStateManager</Filter>
    </ClInclude>
    <ClInclude Include="..\Src\GameStateManager.h">
      <Filter>GameStateManager</Filter>
    </ClInclude>
    <ClInclude Include="..\Src\Graphics.h">
      <Filter>API</Filter>
    </ClInclude>
    <ClInclude Include="..\Src\Utils.h">
      <Filter>API</Filter>
    </ClInclude>
    <ClInclude Include="..\Src\pch.h">
      <Filter>PCH/Constants</Filter>
    </ClInclude>
    <ClInclude Include="..\Src\Data.h">
      <Filter>PCH/Constants</Filter>
    </ClInclude>
    <ClInclude Include="..\Src\UI_Manager.h">
      <Filter>API</Filter>
    </ClInclude>
    <ClInclude Include="..\Src\Collision.h" />
    <ClInclude Include="..\Src\Input.h" />
    <ClInclude Include="..\Src\SplashScreen.h">
      <Filter>GameStates</Filter>
    </ClInclude>
  </ItemGroup>
</Project>